// !$*UTF8*$!
{
	archiveVersion = 1;
	classes = {
	};
	objectVersion = 46;
	objects = {

/* Begin PBXBuildFile section */
		0A6F75A5DAF1016B67C7FE7F /* libPods-DarklyTests.a in Frameworks */ = {isa = PBXBuildFile; fileRef = 0A44BAF6AB27A088EB7A34F7 /* libPods-DarklyTests.a */; };
		231CBA361B97970E0068BB8C /* UIKit.framework in Frameworks */ = {isa = PBXBuildFile; fileRef = 231CBA351B97970E0068BB8C /* UIKit.framework */; };
		23DCFA9E1B95105A00F15531 /* LDPollingManager.m in Sources */ = {isa = PBXBuildFile; fileRef = 23DCFA9D1B95105A00F15531 /* LDPollingManager.m */; };
		23E819541B8AA4A700010DD3 /* LDPollingManagerTest.m in Sources */ = {isa = PBXBuildFile; fileRef = 23E819531B8AA4A700010DD3 /* LDPollingManagerTest.m */; };
		3A0C4DE91C4D93B70059886B /* LDFlagConfigModel.m in Sources */ = {isa = PBXBuildFile; fileRef = 3A0C4DE81C4D93B70059886B /* LDFlagConfigModel.m */; };
		3A0C4DEF1C4D9D660059886B /* LDEventModel.m in Sources */ = {isa = PBXBuildFile; fileRef = 3A0C4DEE1C4D9D660059886B /* LDEventModel.m */; };
		3A0C4DF21C4DA0330059886B /* LDUserModel.m in Sources */ = {isa = PBXBuildFile; fileRef = 3A0C4DF11C4DA0330059886B /* LDUserModel.m */; };
		3A0F25041B71650C00DAB39F /* LDClientTest.m in Sources */ = {isa = PBXBuildFile; fileRef = 3A70A7891B6FD20600984E23 /* LDClientTest.m */; };
		3A0F25051B71651400DAB39F /* LDConfigTest.m in Sources */ = {isa = PBXBuildFile; fileRef = 3A70A7931B704BD100984E23 /* LDConfigTest.m */; };
		3A5F93C01B6F10DB0093E419 /* LDUtil.m in Sources */ = {isa = PBXBuildFile; fileRef = 3A5F93BF1B6F10DB0093E419 /* LDUtil.m */; };
		3A5F93C31B6F146F0093E419 /* LDUtilTest.m in Sources */ = {isa = PBXBuildFile; fileRef = 3A5F93C21B6F146F0093E419 /* LDUtilTest.m */; };
		3A70A7881B6FCFAC00984E23 /* LDClient.m in Sources */ = {isa = PBXBuildFile; fileRef = 3A70A7871B6FCFAC00984E23 /* LDClient.m */; };
		3A70A78D1B7008B700984E23 /* LDConfig.m in Sources */ = {isa = PBXBuildFile; fileRef = 3A70A78C1B7008B700984E23 /* LDConfig.m */; };
		3A70A7971B705F2C00984E23 /* DarklyConstants.m in Sources */ = {isa = PBXBuildFile; fileRef = 3A70A7961B705F2C00984E23 /* DarklyConstants.m */; };
		3A9F23D11B82D19900D0EF2F /* LDRequestManager.m in Sources */ = {isa = PBXBuildFile; fileRef = 3A9F23D01B82D19900D0EF2F /* LDRequestManager.m */; };
		3AAF19A31B97DF9800FACF58 /* LDClientManagerTest.m in Sources */ = {isa = PBXBuildFile; fileRef = 3AAF19A21B97DF9800FACF58 /* LDClientManagerTest.m */; };
		3AB1B71A1B89036A0006E970 /* LDRequestManagerTest.m in Sources */ = {isa = PBXBuildFile; fileRef = 3AB1B7191B89036A0006E970 /* LDRequestManagerTest.m */; };
		3AC5D0DE1B8AA44A00417CBB /* NSDictionary+JSON.m in Sources */ = {isa = PBXBuildFile; fileRef = 3AC5D0DD1B8AA44A00417CBB /* NSDictionary+JSON.m */; };
		3AD8ACB61B86B5E800922AA6 /* LDClientManager.m in Sources */ = {isa = PBXBuildFile; fileRef = 3AD8ACB51B86B5E700922AA6 /* LDClientManager.m */; };
		9D4CD7721BB923C700CBD687 /* CoreData.framework in Frameworks */ = {isa = PBXBuildFile; fileRef = CCA68A121B7066480052BE63 /* CoreData.framework */; };
		9D4CD7731BB925DB00CBD687 /* DarklyLibraryModels.bundle in Resources */ = {isa = PBXBuildFile; fileRef = 9D4CD76B1BB9236B00CBD687 /* DarklyLibraryModels.bundle */; };
		9DEEE93B1B9766B100238073 /* libDarkly.a in Frameworks */ = {isa = PBXBuildFile; fileRef = CC36AA941B6D5FED008200F1 /* libDarkly.a */; };
		AD10D39D1B7B5F6700DB30E7 /* LDDataManagerTest.m in Sources */ = {isa = PBXBuildFile; fileRef = AD10D39C1B7B5F6700DB30E7 /* LDDataManagerTest.m */; };
		ADE5294F1B8418B200761F3D /* LDUserBuilder.m in Sources */ = {isa = PBXBuildFile; fileRef = ADE5294E1B8418B200761F3D /* LDUserBuilder.m */; };
		ADE529511B84196000761F3D /* LDUserBuilderTest.m in Sources */ = {isa = PBXBuildFile; fileRef = ADE529501B84196000761F3D /* LDUserBuilderTest.m */; };
		CC01CCE31BB07703006B4A36 /* NSArray+UnitTests.m in Sources */ = {isa = PBXBuildFile; fileRef = CC01CCE21BB07703006B4A36 /* NSArray+UnitTests.m */; };
		CC36AAA01B6D5FED008200F1 /* libDarkly.a in Frameworks */ = {isa = PBXBuildFile; fileRef = CC36AA941B6D5FED008200F1 /* libDarkly.a */; };
		CC467AB71B78323F0035C07E /* LDDataManager.m in Sources */ = {isa = PBXBuildFile; fileRef = CC467AB61B78323F0035C07E /* LDDataManager.m */; };
		CC4E8F431B8ABB3500F2A19D /* LDEventModelTest.m in Sources */ = {isa = PBXBuildFile; fileRef = CC4E8F421B8ABB3500F2A19D /* LDEventModelTest.m */; };
		CC4E8F461B8B3A7B00F2A19D /* LDUserModelTest.m in Sources */ = {isa = PBXBuildFile; fileRef = CC4E8F451B8B3A7B00F2A19D /* LDUserModelTest.m */; };
		CCDDE16D1B74058200DFC04B /* LDFlagConfigModelTest.m in Sources */ = {isa = PBXBuildFile; fileRef = CCDDE16C1B74058200DFC04B /* LDFlagConfigModelTest.m */; };
		CCDDE1741B7408F200DFC04B /* feature_flags.json in Resources */ = {isa = PBXBuildFile; fileRef = CCDDE1731B7408F200DFC04B /* feature_flags.json */; };
		CCEF66011BAF41FB00103FD5 /* DarklyXCTestCase.m in Sources */ = {isa = PBXBuildFile; fileRef = CCEF66001BAF41FB00103FD5 /* DarklyXCTestCase.m */; };
		E52B3EB8C8E800E2ED2BE540 /* libPods-Darkly.a in Frameworks */ = {isa = PBXBuildFile; fileRef = D4123AB55EABA4FCD91AD877 /* libPods-Darkly.a */; };
/* End PBXBuildFile section */

/* Begin PBXContainerItemProxy section */
		23AA1AD21B721E3F00FE6A00 /* PBXContainerItemProxy */ = {
			isa = PBXContainerItemProxy;
			containerPortal = CC36AA8C1B6D5FED008200F1 /* Project object */;
			proxyType = 1;
			remoteGlobalIDString = 23AA1AB51B721E3E00FE6A00;
			remoteInfo = QuickTest;
		};
		CC36AAA11B6D5FED008200F1 /* PBXContainerItemProxy */ = {
			isa = PBXContainerItemProxy;
			containerPortal = CC36AA8C1B6D5FED008200F1 /* Project object */;
			proxyType = 1;
			remoteGlobalIDString = CC36AA931B6D5FED008200F1;
			remoteInfo = Darkly;
		};
/* End PBXContainerItemProxy section */

/* Begin PBXCopyFilesBuildPhase section */
		CC36AA921B6D5FED008200F1 /* CopyFiles */ = {
			isa = PBXCopyFilesBuildPhase;
			buildActionMask = 2147483647;
			dstPath = "include/$(PRODUCT_NAME)";
			dstSubfolderSpec = 16;
			files = (
			);
			runOnlyForDeploymentPostprocessing = 0;
		};
/* End PBXCopyFilesBuildPhase section */

/* Begin PBXFileReference section */
		0A44BAF6AB27A088EB7A34F7 /* libPods-DarklyTests.a */ = {isa = PBXFileReference; explicitFileType = archive.ar; includeInIndex = 0; path = "libPods-DarklyTests.a"; sourceTree = BUILT_PRODUCTS_DIR; };
		0CF3D8B3D5EBA564267F784E /* Pods-Darkly.debug.xcconfig */ = {isa = PBXFileReference; includeInIndex = 1; lastKnownFileType = text.xcconfig; name = "Pods-Darkly.debug.xcconfig"; path = "Pods/Target Support Files/Pods-Darkly/Pods-Darkly.debug.xcconfig"; sourceTree = "<group>"; };
		2308CD42DB2A44820607CA7B /* Pods-DarklyTests.debug.xcconfig */ = {isa = PBXFileReference; includeInIndex = 1; lastKnownFileType = text.xcconfig; name = "Pods-DarklyTests.debug.xcconfig"; path = "Pods/Target Support Files/Pods-DarklyTests/Pods-DarklyTests.debug.xcconfig"; sourceTree = "<group>"; };
		231CBA291B9791340068BB8C /* libPods-DarklyTests.a */ = {isa = PBXFileReference; lastKnownFileType = archive.ar; name = "libPods-DarklyTests.a"; path = "Pods/../build/Debug-iphoneos/libPods-DarklyTests.a"; sourceTree = "<group>"; };
		231CBA2B1B97913B0068BB8C /* libPods-Darkly.a */ = {isa = PBXFileReference; lastKnownFileType = archive.ar; name = "libPods-Darkly.a"; path = "Pods/../build/Debug-iphoneos/libPods-Darkly.a"; sourceTree = "<group>"; };
		231CBA2D1B97914B0068BB8C /* libMantle.a */ = {isa = PBXFileReference; lastKnownFileType = archive.ar; name = libMantle.a; path = "Pods/../build/Debug-iphoneos/libMantle.a"; sourceTree = "<group>"; };
		231CBA2F1B97923D0068BB8C /* libMantle.a */ = {isa = PBXFileReference; lastKnownFileType = archive.ar; name = libMantle.a; path = "Pods/../build/Debug-iphoneos/libMantle.a"; sourceTree = "<group>"; };
		231CBA311B9792AC0068BB8C /* libMTLManagedObjectAdapter.a */ = {isa = PBXFileReference; lastKnownFileType = archive.ar; name = libMTLManagedObjectAdapter.a; path = "Pods/../build/Debug-iphoneos/libMTLManagedObjectAdapter.a"; sourceTree = "<group>"; };
		231CBA331B9795610068BB8C /* libPods-Darkly.a */ = {isa = PBXFileReference; lastKnownFileType = archive.ar; name = "libPods-Darkly.a"; path = "Pods/../build/Debug-iphoneos/libPods-Darkly.a"; sourceTree = "<group>"; };
		231CBA351B97970E0068BB8C /* UIKit.framework */ = {isa = PBXFileReference; lastKnownFileType = wrapper.framework; name = UIKit.framework; path = System/Library/Frameworks/UIKit.framework; sourceTree = SDKROOT; };
		231CBA371B97971A0068BB8C /* SystemConfiguration.framework */ = {isa = PBXFileReference; lastKnownFileType = wrapper.framework; name = SystemConfiguration.framework; path = System/Library/Frameworks/SystemConfiguration.framework; sourceTree = SDKROOT; };
		231CBA391B97972B0068BB8C /* StoreKit.framework */ = {isa = PBXFileReference; lastKnownFileType = wrapper.framework; name = StoreKit.framework; path = System/Library/Frameworks/StoreKit.framework; sourceTree = SDKROOT; };
		231CBA3B1B9797320068BB8C /* AVFoundation.framework */ = {isa = PBXFileReference; lastKnownFileType = wrapper.framework; name = AVFoundation.framework; path = System/Library/Frameworks/AVFoundation.framework; sourceTree = SDKROOT; };
		231CBA3D1B9797530068BB8C /* Foundation.framework */ = {isa = PBXFileReference; lastKnownFileType = wrapper.framework; name = Foundation.framework; path = System/Library/Frameworks/Foundation.framework; sourceTree = SDKROOT; };
		231CBA3F1B9797680068BB8C /* libPods-Darkly.a */ = {isa = PBXFileReference; lastKnownFileType = archive.ar; name = "libPods-Darkly.a"; path = "Pods/../build/Debug-iphoneos/libPods-Darkly.a"; sourceTree = "<group>"; };
		23AA1AB61B721E3E00FE6A00 /* QuickTest.app */ = {isa = PBXFileReference; explicitFileType = wrapper.application; includeInIndex = 0; path = QuickTest.app; sourceTree = BUILT_PRODUCTS_DIR; };
		23AA1AD11B721E3F00FE6A00 /* QuickTestTests.xctest */ = {isa = PBXFileReference; explicitFileType = wrapper.cfbundle; includeInIndex = 0; path = QuickTestTests.xctest; sourceTree = BUILT_PRODUCTS_DIR; };
		23DCFA9C1B95105A00F15531 /* LDPollingManager.h */ = {isa = PBXFileReference; fileEncoding = 4; lastKnownFileType = sourcecode.c.h; path = LDPollingManager.h; sourceTree = "<group>"; };
		23DCFA9D1B95105A00F15531 /* LDPollingManager.m */ = {isa = PBXFileReference; fileEncoding = 4; lastKnownFileType = sourcecode.c.objc; path = LDPollingManager.m; sourceTree = "<group>"; };
		23E819531B8AA4A700010DD3 /* LDPollingManagerTest.m */ = {isa = PBXFileReference; fileEncoding = 4; lastKnownFileType = sourcecode.c.objc; path = LDPollingManagerTest.m; sourceTree = "<group>"; };
		3A0C4DE71C4D93B70059886B /* LDFlagConfigModel.h */ = {isa = PBXFileReference; fileEncoding = 4; lastKnownFileType = sourcecode.c.h; path = LDFlagConfigModel.h; sourceTree = "<group>"; };
		3A0C4DE81C4D93B70059886B /* LDFlagConfigModel.m */ = {isa = PBXFileReference; fileEncoding = 4; lastKnownFileType = sourcecode.c.objc; path = LDFlagConfigModel.m; sourceTree = "<group>"; };
		3A0C4DED1C4D9D660059886B /* LDEventModel.h */ = {isa = PBXFileReference; fileEncoding = 4; lastKnownFileType = sourcecode.c.h; path = LDEventModel.h; sourceTree = "<group>"; };
		3A0C4DEE1C4D9D660059886B /* LDEventModel.m */ = {isa = PBXFileReference; fileEncoding = 4; lastKnownFileType = sourcecode.c.objc; path = LDEventModel.m; sourceTree = "<group>"; };
		3A0C4DF01C4DA0330059886B /* LDUserModel.h */ = {isa = PBXFileReference; fileEncoding = 4; lastKnownFileType = sourcecode.c.h; path = LDUserModel.h; sourceTree = "<group>"; };
		3A0C4DF11C4DA0330059886B /* LDUserModel.m */ = {isa = PBXFileReference; fileEncoding = 4; lastKnownFileType = sourcecode.c.objc; path = LDUserModel.m; sourceTree = "<group>"; };
		3A5F93BF1B6F10DB0093E419 /* LDUtil.m */ = {isa = PBXFileReference; fileEncoding = 4; lastKnownFileType = sourcecode.c.objc; path = LDUtil.m; sourceTree = "<group>"; };
		3A5F93C11B6F10F50093E419 /* LDUtil.h */ = {isa = PBXFileReference; fileEncoding = 4; lastKnownFileType = sourcecode.c.h; path = LDUtil.h; sourceTree = "<group>"; };
		3A5F93C21B6F146F0093E419 /* LDUtilTest.m */ = {isa = PBXFileReference; fileEncoding = 4; lastKnownFileType = sourcecode.c.objc; path = LDUtilTest.m; sourceTree = "<group>"; };
		3A70A7861B6FCF9300984E23 /* LDClient.h */ = {isa = PBXFileReference; fileEncoding = 4; lastKnownFileType = sourcecode.c.h; path = LDClient.h; sourceTree = "<group>"; };
		3A70A7871B6FCFAC00984E23 /* LDClient.m */ = {isa = PBXFileReference; fileEncoding = 4; lastKnownFileType = sourcecode.c.objc; path = LDClient.m; sourceTree = "<group>"; };
		3A70A7891B6FD20600984E23 /* LDClientTest.m */ = {isa = PBXFileReference; fileEncoding = 4; lastKnownFileType = sourcecode.c.objc; path = LDClientTest.m; sourceTree = "<group>"; };
		3A70A78B1B7008A900984E23 /* LDConfig.h */ = {isa = PBXFileReference; fileEncoding = 4; lastKnownFileType = sourcecode.c.h; path = LDConfig.h; sourceTree = "<group>"; };
		3A70A78C1B7008B700984E23 /* LDConfig.m */ = {isa = PBXFileReference; fileEncoding = 4; lastKnownFileType = sourcecode.c.objc; path = LDConfig.m; sourceTree = "<group>"; };
		3A70A7921B702F8F00984E23 /* Darkly-Prefix.pch */ = {isa = PBXFileReference; fileEncoding = 4; lastKnownFileType = sourcecode.c.h; path = "Darkly-Prefix.pch"; sourceTree = "<group>"; };
		3A70A7931B704BD100984E23 /* LDConfigTest.m */ = {isa = PBXFileReference; fileEncoding = 4; lastKnownFileType = sourcecode.c.objc; path = LDConfigTest.m; sourceTree = "<group>"; };
		3A70A7951B705F1100984E23 /* DarklyConstants.h */ = {isa = PBXFileReference; fileEncoding = 4; lastKnownFileType = sourcecode.c.h; path = DarklyConstants.h; sourceTree = "<group>"; };
		3A70A7961B705F2C00984E23 /* DarklyConstants.m */ = {isa = PBXFileReference; fileEncoding = 4; lastKnownFileType = sourcecode.c.objc; path = DarklyConstants.m; sourceTree = "<group>"; };
		3A9F23CF1B82D19900D0EF2F /* LDRequestManager.h */ = {isa = PBXFileReference; fileEncoding = 4; lastKnownFileType = sourcecode.c.h; path = LDRequestManager.h; sourceTree = "<group>"; };
		3A9F23D01B82D19900D0EF2F /* LDRequestManager.m */ = {isa = PBXFileReference; fileEncoding = 4; lastKnownFileType = sourcecode.c.objc; path = LDRequestManager.m; sourceTree = "<group>"; };
		3AAF19A21B97DF9800FACF58 /* LDClientManagerTest.m */ = {isa = PBXFileReference; fileEncoding = 4; lastKnownFileType = sourcecode.c.objc; path = LDClientManagerTest.m; sourceTree = "<group>"; };
		3AB1B7191B89036A0006E970 /* LDRequestManagerTest.m */ = {isa = PBXFileReference; fileEncoding = 4; lastKnownFileType = sourcecode.c.objc; path = LDRequestManagerTest.m; sourceTree = "<group>"; };
		3AC5D0DC1B8AA44A00417CBB /* NSDictionary+JSON.h */ = {isa = PBXFileReference; fileEncoding = 4; lastKnownFileType = sourcecode.c.h; path = "NSDictionary+JSON.h"; sourceTree = "<group>"; };
		3AC5D0DD1B8AA44A00417CBB /* NSDictionary+JSON.m */ = {isa = PBXFileReference; fileEncoding = 4; lastKnownFileType = sourcecode.c.objc; path = "NSDictionary+JSON.m"; sourceTree = "<group>"; };
		3AD8ACB41B86B5E700922AA6 /* LDClientManager.h */ = {isa = PBXFileReference; fileEncoding = 4; lastKnownFileType = sourcecode.c.h; path = LDClientManager.h; sourceTree = "<group>"; };
		3AD8ACB51B86B5E700922AA6 /* LDClientManager.m */ = {isa = PBXFileReference; fileEncoding = 4; lastKnownFileType = sourcecode.c.objc; path = LDClientManager.m; sourceTree = "<group>"; };
		9D4CD76B1BB9236B00CBD687 /* DarklyLibraryModels.bundle */ = {isa = PBXFileReference; explicitFileType = wrapper.cfbundle; includeInIndex = 0; path = DarklyLibraryModels.bundle; sourceTree = BUILT_PRODUCTS_DIR; };
		9D4CD76D1BB9236B00CBD687 /* Info.plist */ = {isa = PBXFileReference; lastKnownFileType = text.plist.xml; path = Info.plist; sourceTree = "<group>"; };
		9DEEE9431B976F8B00238073 /* libMantle.a */ = {isa = PBXFileReference; lastKnownFileType = archive.ar; name = libMantle.a; path = "Pods/../build/Debug-iphoneos/libMantle.a"; sourceTree = "<group>"; };
		9DEEE9451B976F8F00238073 /* libMTLManagedObjectAdapter.a */ = {isa = PBXFileReference; lastKnownFileType = archive.ar; name = libMTLManagedObjectAdapter.a; path = "Pods/../build/Debug-iphoneos/libMTLManagedObjectAdapter.a"; sourceTree = "<group>"; };
		A17292C79DBE095E39CEB125 /* Pods-DarklyTests.release.xcconfig */ = {isa = PBXFileReference; includeInIndex = 1; lastKnownFileType = text.xcconfig; name = "Pods-DarklyTests.release.xcconfig"; path = "Pods/Target Support Files/Pods-DarklyTests/Pods-DarklyTests.release.xcconfig"; sourceTree = "<group>"; };
		AD10D39C1B7B5F6700DB30E7 /* LDDataManagerTest.m */ = {isa = PBXFileReference; fileEncoding = 4; lastKnownFileType = sourcecode.c.objc; name = LDDataManagerTest.m; path = Models/LDDataManagerTest.m; sourceTree = "<group>"; };
		ADE5294D1B8418B200761F3D /* LDUserBuilder.h */ = {isa = PBXFileReference; fileEncoding = 4; lastKnownFileType = sourcecode.c.h; path = LDUserBuilder.h; sourceTree = "<group>"; };
		ADE5294E1B8418B200761F3D /* LDUserBuilder.m */ = {isa = PBXFileReference; fileEncoding = 4; lastKnownFileType = sourcecode.c.objc; path = LDUserBuilder.m; sourceTree = "<group>"; };
		ADE529501B84196000761F3D /* LDUserBuilderTest.m */ = {isa = PBXFileReference; fileEncoding = 4; lastKnownFileType = sourcecode.c.objc; path = LDUserBuilderTest.m; sourceTree = "<group>"; };
		CC01CCE11BB07703006B4A36 /* NSArray+UnitTests.h */ = {isa = PBXFileReference; fileEncoding = 4; lastKnownFileType = sourcecode.c.h; name = "NSArray+UnitTests.h"; path = "Categories/NSArray+UnitTests.h"; sourceTree = "<group>"; };
		CC01CCE21BB07703006B4A36 /* NSArray+UnitTests.m */ = {isa = PBXFileReference; fileEncoding = 4; lastKnownFileType = sourcecode.c.objc; name = "NSArray+UnitTests.m"; path = "Categories/NSArray+UnitTests.m"; sourceTree = "<group>"; };
		CC36AA941B6D5FED008200F1 /* libDarkly.a */ = {isa = PBXFileReference; explicitFileType = archive.ar; includeInIndex = 0; path = libDarkly.a; sourceTree = BUILT_PRODUCTS_DIR; };
		CC36AA9F1B6D5FED008200F1 /* DarklyTests.xctest */ = {isa = PBXFileReference; explicitFileType = wrapper.cfbundle; includeInIndex = 0; path = DarklyTests.xctest; sourceTree = BUILT_PRODUCTS_DIR; };
		CC36AAA51B6D5FED008200F1 /* Info.plist */ = {isa = PBXFileReference; lastKnownFileType = text.plist.xml; path = Info.plist; sourceTree = "<group>"; };
		CC467AB51B78323F0035C07E /* LDDataManager.h */ = {isa = PBXFileReference; fileEncoding = 4; lastKnownFileType = sourcecode.c.h; name = LDDataManager.h; path = Models/LDDataManager.h; sourceTree = "<group>"; };
		CC467AB61B78323F0035C07E /* LDDataManager.m */ = {isa = PBXFileReference; fileEncoding = 4; lastKnownFileType = sourcecode.c.objc; name = LDDataManager.m; path = Models/LDDataManager.m; sourceTree = "<group>"; };
		CC4E8F421B8ABB3500F2A19D /* LDEventModelTest.m */ = {isa = PBXFileReference; fileEncoding = 4; lastKnownFileType = sourcecode.c.objc; name = LDEventModelTest.m; path = Models/LDEventModelTest.m; sourceTree = "<group>"; };
		CC4E8F451B8B3A7B00F2A19D /* LDUserModelTest.m */ = {isa = PBXFileReference; fileEncoding = 4; lastKnownFileType = sourcecode.c.objc; name = LDUserModelTest.m; path = Models/LDUserModelTest.m; sourceTree = "<group>"; };
		CCA68A121B7066480052BE63 /* CoreData.framework */ = {isa = PBXFileReference; lastKnownFileType = wrapper.framework; name = CoreData.framework; path = System/Library/Frameworks/CoreData.framework; sourceTree = SDKROOT; };
		CCDDE16C1B74058200DFC04B /* LDFlagConfigModelTest.m */ = {isa = PBXFileReference; fileEncoding = 4; lastKnownFileType = sourcecode.c.objc; path = LDFlagConfigModelTest.m; sourceTree = "<group>"; };
		CCDDE1731B7408F200DFC04B /* feature_flags.json */ = {isa = PBXFileReference; fileEncoding = 4; lastKnownFileType = text.json; path = feature_flags.json; sourceTree = "<group>"; };
		CCEF65FF1BAF41FB00103FD5 /* DarklyXCTestCase.h */ = {isa = PBXFileReference; fileEncoding = 4; lastKnownFileType = sourcecode.c.h; path = DarklyXCTestCase.h; sourceTree = "<group>"; };
		CCEF66001BAF41FB00103FD5 /* DarklyXCTestCase.m */ = {isa = PBXFileReference; fileEncoding = 4; lastKnownFileType = sourcecode.c.objc; path = DarklyXCTestCase.m; sourceTree = "<group>"; };
		D4123AB55EABA4FCD91AD877 /* libPods-Darkly.a */ = {isa = PBXFileReference; explicitFileType = archive.ar; includeInIndex = 0; path = "libPods-Darkly.a"; sourceTree = BUILT_PRODUCTS_DIR; };
		F19BA3C600D75D385DA50A51 /* Pods-Darkly.release.xcconfig */ = {isa = PBXFileReference; includeInIndex = 1; lastKnownFileType = text.xcconfig; name = "Pods-Darkly.release.xcconfig"; path = "Pods/Target Support Files/Pods-Darkly/Pods-Darkly.release.xcconfig"; sourceTree = "<group>"; };
/* End PBXFileReference section */

/* Begin PBXFrameworksBuildPhase section */
		23AA1AB31B721E3E00FE6A00 /* Frameworks */ = {
			isa = PBXFrameworksBuildPhase;
			buildActionMask = 2147483647;
			files = (
				231CBA361B97970E0068BB8C /* UIKit.framework in Frameworks */,
				9DEEE93B1B9766B100238073 /* libDarkly.a in Frameworks */,
			);
			runOnlyForDeploymentPostprocessing = 0;
		};
		23AA1ACE1B721E3F00FE6A00 /* Frameworks */ = {
			isa = PBXFrameworksBuildPhase;
			buildActionMask = 2147483647;
			files = (
			);
			runOnlyForDeploymentPostprocessing = 0;
		};
		9D4CD7681BB9236B00CBD687 /* Frameworks */ = {
			isa = PBXFrameworksBuildPhase;
			buildActionMask = 2147483647;
			files = (
				9D4CD7721BB923C700CBD687 /* CoreData.framework in Frameworks */,
			);
			runOnlyForDeploymentPostprocessing = 0;
		};
		CC36AA911B6D5FED008200F1 /* Frameworks */ = {
			isa = PBXFrameworksBuildPhase;
			buildActionMask = 2147483647;
			files = (
				E52B3EB8C8E800E2ED2BE540 /* libPods-Darkly.a in Frameworks */,
			);
			runOnlyForDeploymentPostprocessing = 0;
		};
		CC36AA9C1B6D5FED008200F1 /* Frameworks */ = {
			isa = PBXFrameworksBuildPhase;
			buildActionMask = 2147483647;
			files = (
				CC36AAA01B6D5FED008200F1 /* libDarkly.a in Frameworks */,
				0A6F75A5DAF1016B67C7FE7F /* libPods-DarklyTests.a in Frameworks */,
			);
			runOnlyForDeploymentPostprocessing = 0;
		};
/* End PBXFrameworksBuildPhase section */

/* Begin PBXGroup section */
		3A70A7911B702F4800984E23 /* Supporting Files */ = {
			isa = PBXGroup;
			children = (
				3A70A7921B702F8F00984E23 /* Darkly-Prefix.pch */,
				3A70A7951B705F1100984E23 /* DarklyConstants.h */,
				3A70A7961B705F2C00984E23 /* DarklyConstants.m */,
			);
			name = "Supporting Files";
			sourceTree = "<group>";
		};
		3FF807BB26F04091D81CFC5F /* Frameworks */ = {
			isa = PBXGroup;
			children = (
				231CBA3F1B9797680068BB8C /* libPods-Darkly.a */,
				231CBA3D1B9797530068BB8C /* Foundation.framework */,
				231CBA3B1B9797320068BB8C /* AVFoundation.framework */,
				231CBA391B97972B0068BB8C /* StoreKit.framework */,
				231CBA371B97971A0068BB8C /* SystemConfiguration.framework */,
				231CBA351B97970E0068BB8C /* UIKit.framework */,
				231CBA331B9795610068BB8C /* libPods-Darkly.a */,
				231CBA311B9792AC0068BB8C /* libMTLManagedObjectAdapter.a */,
				231CBA2F1B97923D0068BB8C /* libMantle.a */,
				231CBA2D1B97914B0068BB8C /* libMantle.a */,
				231CBA2B1B97913B0068BB8C /* libPods-Darkly.a */,
				231CBA291B9791340068BB8C /* libPods-DarklyTests.a */,
				9DEEE9451B976F8F00238073 /* libMTLManagedObjectAdapter.a */,
				9DEEE9431B976F8B00238073 /* libMantle.a */,
				CCA68A121B7066480052BE63 /* CoreData.framework */,
				D4123AB55EABA4FCD91AD877 /* libPods-Darkly.a */,
				0A44BAF6AB27A088EB7A34F7 /* libPods-DarklyTests.a */,
			);
			name = Frameworks;
			sourceTree = "<group>";
		};
		70112E112C52AC5B6384EF0C /* Pods */ = {
			isa = PBXGroup;
			children = (
				0CF3D8B3D5EBA564267F784E /* Pods-Darkly.debug.xcconfig */,
				F19BA3C600D75D385DA50A51 /* Pods-Darkly.release.xcconfig */,
				2308CD42DB2A44820607CA7B /* Pods-DarklyTests.debug.xcconfig */,
				A17292C79DBE095E39CEB125 /* Pods-DarklyTests.release.xcconfig */,
			);
			name = Pods;
			sourceTree = "<group>";
		};
		9D4CD76C1BB9236B00CBD687 /* DarklyLibraryModels */ = {
			isa = PBXGroup;
			children = (
				9D4CD76D1BB9236B00CBD687 /* Info.plist */,
			);
			path = DarklyLibraryModels;
			sourceTree = "<group>";
		};
		AD7C652B1B80FD09004BECE2 /* Helpers */ = {
			isa = PBXGroup;
			children = (
			);
			name = Helpers;
			sourceTree = "<group>";
		};
		CC01CCE41BB07711006B4A36 /* Categories */ = {
			isa = PBXGroup;
			children = (
				CC01CCE11BB07703006B4A36 /* NSArray+UnitTests.h */,
				CC01CCE21BB07703006B4A36 /* NSArray+UnitTests.m */,
			);
			name = Categories;
			sourceTree = "<group>";
		};
		CC36AA8B1B6D5FED008200F1 = {
			isa = PBXGroup;
			children = (
				CC36AA961B6D5FED008200F1 /* Darkly */,
				CC36AAA31B6D5FED008200F1 /* DarklyTests */,
				9D4CD76C1BB9236B00CBD687 /* DarklyLibraryModels */,
				CC36AA951B6D5FED008200F1 /* Products */,
				3FF807BB26F04091D81CFC5F /* Frameworks */,
				70112E112C52AC5B6384EF0C /* Pods */,
			);
			sourceTree = "<group>";
		};
		CC36AA951B6D5FED008200F1 /* Products */ = {
			isa = PBXGroup;
			children = (
				CC36AA941B6D5FED008200F1 /* libDarkly.a */,
				CC36AA9F1B6D5FED008200F1 /* DarklyTests.xctest */,
				23AA1AB61B721E3E00FE6A00 /* QuickTest.app */,
				23AA1AD11B721E3F00FE6A00 /* QuickTestTests.xctest */,
				9D4CD76B1BB9236B00CBD687 /* DarklyLibraryModels.bundle */,
			);
			name = Products;
			sourceTree = "<group>";
		};
		CC36AA961B6D5FED008200F1 /* Darkly */ = {
			isa = PBXGroup;
			children = (
				CCEE2B191B9AAD17000447AF /* Managers */,
				3A5F93C11B6F10F50093E419 /* LDUtil.h */,
				3A5F93BF1B6F10DB0093E419 /* LDUtil.m */,
				3A70A7861B6FCF9300984E23 /* LDClient.h */,
				3A70A7871B6FCFAC00984E23 /* LDClient.m */,
				3A70A78B1B7008A900984E23 /* LDConfig.h */,
				3A70A78C1B7008B700984E23 /* LDConfig.m */,
				ADE5294D1B8418B200761F3D /* LDUserBuilder.h */,
				ADE5294E1B8418B200761F3D /* LDUserBuilder.m */,
				CCA68A081B7065E50052BE63 /* Models */,
				3A70A7911B702F4800984E23 /* Supporting Files */,
				3AC5D0DC1B8AA44A00417CBB /* NSDictionary+JSON.h */,
				3AC5D0DD1B8AA44A00417CBB /* NSDictionary+JSON.m */,
			);
			path = Darkly;
			sourceTree = "<group>";
		};
		CC36AAA31B6D5FED008200F1 /* DarklyTests */ = {
			isa = PBXGroup;
			children = (
				23E819531B8AA4A700010DD3 /* LDPollingManagerTest.m */,
				ADE529501B84196000761F3D /* LDUserBuilderTest.m */,
				AD10D39C1B7B5F6700DB30E7 /* LDDataManagerTest.m */,
				AD7C652B1B80FD09004BECE2 /* Helpers */,
				CC674C8D1B750FE000B6A78D /* Models */,
				CCDDE16F1B74068200DFC04B /* Fixtures */,
				CC36AAA41B6D5FED008200F1 /* Supporting Files */,
				3A5F93C21B6F146F0093E419 /* LDUtilTest.m */,
				3A70A7891B6FD20600984E23 /* LDClientTest.m */,
				3A70A7931B704BD100984E23 /* LDConfigTest.m */,
				3AB1B7191B89036A0006E970 /* LDRequestManagerTest.m */,
				3AAF19A21B97DF9800FACF58 /* LDClientManagerTest.m */,
				CCEF65FF1BAF41FB00103FD5 /* DarklyXCTestCase.h */,
				CCEF66001BAF41FB00103FD5 /* DarklyXCTestCase.m */,
				CC01CCE41BB07711006B4A36 /* Categories */,
			);
			path = DarklyTests;
			sourceTree = "<group>";
		};
		CC36AAA41B6D5FED008200F1 /* Supporting Files */ = {
			isa = PBXGroup;
			children = (
				CC36AAA51B6D5FED008200F1 /* Info.plist */,
			);
			name = "Supporting Files";
			sourceTree = "<group>";
		};
		CC674C8D1B750FE000B6A78D /* Models */ = {
			isa = PBXGroup;
			children = (
				CCDDE16C1B74058200DFC04B /* LDFlagConfigModelTest.m */,
				CC4E8F421B8ABB3500F2A19D /* LDEventModelTest.m */,
				CC4E8F451B8B3A7B00F2A19D /* LDUserModelTest.m */,
			);
			name = Models;
			sourceTree = "<group>";
		};
		CCA68A081B7065E50052BE63 /* Models */ = {
			isa = PBXGroup;
			children = (
				3A0C4DE71C4D93B70059886B /* LDFlagConfigModel.h */,
				3A0C4DE81C4D93B70059886B /* LDFlagConfigModel.m */,
				3A0C4DED1C4D9D660059886B /* LDEventModel.h */,
				3A0C4DEE1C4D9D660059886B /* LDEventModel.m */,
				3A0C4DF01C4DA0330059886B /* LDUserModel.h */,
				3A0C4DF11C4DA0330059886B /* LDUserModel.m */,
			);
			name = Models;
			sourceTree = "<group>";
		};
		CCDDE16F1B74068200DFC04B /* Fixtures */ = {
			isa = PBXGroup;
			children = (
				CCDDE1731B7408F200DFC04B /* feature_flags.json */,
			);
			path = Fixtures;
			sourceTree = "<group>";
		};
		CCEE2B191B9AAD17000447AF /* Managers */ = {
			isa = PBXGroup;
			children = (
				CC467AB51B78323F0035C07E /* LDDataManager.h */,
				CC467AB61B78323F0035C07E /* LDDataManager.m */,
				23DCFA9C1B95105A00F15531 /* LDPollingManager.h */,
				23DCFA9D1B95105A00F15531 /* LDPollingManager.m */,
				3A9F23CF1B82D19900D0EF2F /* LDRequestManager.h */,
				3A9F23D01B82D19900D0EF2F /* LDRequestManager.m */,
				3AD8ACB41B86B5E700922AA6 /* LDClientManager.h */,
				3AD8ACB51B86B5E700922AA6 /* LDClientManager.m */,
			);
			name = Managers;
			sourceTree = "<group>";
		};
/* End PBXGroup section */

/* Begin PBXNativeTarget section */
		23AA1AB51B721E3E00FE6A00 /* QuickTest */ = {
			isa = PBXNativeTarget;
			buildConfigurationList = 23AA1ADD1B721E3F00FE6A00 /* Build configuration list for PBXNativeTarget "QuickTest" */;
			buildPhases = (
				23AA1AB21B721E3E00FE6A00 /* Sources */,
				23AA1AB31B721E3E00FE6A00 /* Frameworks */,
				23AA1AB41B721E3E00FE6A00 /* Resources */,
			);
			buildRules = (
			);
			dependencies = (
			);
			name = QuickTest;
			productName = QuickTest;
			productReference = 23AA1AB61B721E3E00FE6A00 /* QuickTest.app */;
			productType = "com.apple.product-type.application";
		};
		23AA1AD01B721E3F00FE6A00 /* QuickTestTests */ = {
			isa = PBXNativeTarget;
			buildConfigurationList = 23AA1ADE1B721E3F00FE6A00 /* Build configuration list for PBXNativeTarget "QuickTestTests" */;
			buildPhases = (
				23AA1ACD1B721E3F00FE6A00 /* Sources */,
				23AA1ACE1B721E3F00FE6A00 /* Frameworks */,
				23AA1ACF1B721E3F00FE6A00 /* Resources */,
			);
			buildRules = (
			);
			dependencies = (
				23AA1AD31B721E3F00FE6A00 /* PBXTargetDependency */,
			);
			name = QuickTestTests;
			productName = QuickTestTests;
			productReference = 23AA1AD11B721E3F00FE6A00 /* QuickTestTests.xctest */;
			productType = "com.apple.product-type.bundle.unit-test";
		};
		9D4CD76A1BB9236B00CBD687 /* DarklyLibraryModels */ = {
			isa = PBXNativeTarget;
			buildConfigurationList = 9D4CD7701BB9236C00CBD687 /* Build configuration list for PBXNativeTarget "DarklyLibraryModels" */;
			buildPhases = (
				9D4CD7671BB9236B00CBD687 /* Sources */,
				9D4CD7681BB9236B00CBD687 /* Frameworks */,
				9D4CD7691BB9236B00CBD687 /* Resources */,
			);
			buildRules = (
			);
			dependencies = (
			);
			name = DarklyLibraryModels;
			productName = DarklyLibraryModels;
			productReference = 9D4CD76B1BB9236B00CBD687 /* DarklyLibraryModels.bundle */;
			productType = "com.apple.product-type.bundle";
		};
		CC36AA931B6D5FED008200F1 /* Darkly */ = {
			isa = PBXNativeTarget;
			buildConfigurationList = CC36AAA81B6D5FED008200F1 /* Build configuration list for PBXNativeTarget "Darkly" */;
			buildPhases = (
				8D2649BFFDE572AD586F995D /* 📦 Check Pods Manifest.lock */,
				CC36AA901B6D5FED008200F1 /* Sources */,
				CC36AA911B6D5FED008200F1 /* Frameworks */,
				CC36AA921B6D5FED008200F1 /* CopyFiles */,
				658A25874DD4EDD0E2CD2435 /* 📦 Copy Pods Resources */,
			);
			buildRules = (
			);
			dependencies = (
			);
			name = Darkly;
			productName = Darkly;
			productReference = CC36AA941B6D5FED008200F1 /* libDarkly.a */;
			productType = "com.apple.product-type.library.static";
		};
		CC36AA9E1B6D5FED008200F1 /* DarklyTests */ = {
			isa = PBXNativeTarget;
			buildConfigurationList = CC36AAAB1B6D5FED008200F1 /* Build configuration list for PBXNativeTarget "DarklyTests" */;
			buildPhases = (
				96134FFE78BA32B3575F8C95 /* 📦 Check Pods Manifest.lock */,
				CC36AA9B1B6D5FED008200F1 /* Sources */,
				CC36AA9C1B6D5FED008200F1 /* Frameworks */,
				CC36AA9D1B6D5FED008200F1 /* Resources */,
				C6C10E9CE14FDDCAE6813483 /* 📦 Embed Pods Frameworks */,
				B8B72A4900817914ECB02D1C /* 📦 Copy Pods Resources */,
			);
			buildRules = (
			);
			dependencies = (
				CC36AAA21B6D5FED008200F1 /* PBXTargetDependency */,
			);
			name = DarklyTests;
			productName = DarklyTests;
			productReference = CC36AA9F1B6D5FED008200F1 /* DarklyTests.xctest */;
			productType = "com.apple.product-type.bundle.unit-test";
		};
/* End PBXNativeTarget section */

/* Begin PBXProject section */
		CC36AA8C1B6D5FED008200F1 /* Project object */ = {
			isa = PBXProject;
			attributes = {
				LastUpgradeCheck = 0640;
				ORGANIZATIONNAME = Darkly;
				TargetAttributes = {
					23AA1AB51B721E3E00FE6A00 = {
						CreatedOnToolsVersion = 6.4;
					};
					23AA1AD01B721E3F00FE6A00 = {
						CreatedOnToolsVersion = 6.4;
						TestTargetID = 23AA1AB51B721E3E00FE6A00;
					};
					9D4CD76A1BB9236B00CBD687 = {
						CreatedOnToolsVersion = 7.0;
					};
					CC36AA931B6D5FED008200F1 = {
						CreatedOnToolsVersion = 6.4;
					};
					CC36AA9E1B6D5FED008200F1 = {
						CreatedOnToolsVersion = 6.4;
					};
				};
			};
			buildConfigurationList = CC36AA8F1B6D5FED008200F1 /* Build configuration list for PBXProject "Darkly" */;
			compatibilityVersion = "Xcode 3.2";
			developmentRegion = English;
			hasScannedForEncodings = 0;
			knownRegions = (
				en,
				Base,
			);
			mainGroup = CC36AA8B1B6D5FED008200F1;
			productRefGroup = CC36AA951B6D5FED008200F1 /* Products */;
			projectDirPath = "";
			projectRoot = "";
			targets = (
				CC36AA931B6D5FED008200F1 /* Darkly */,
				CC36AA9E1B6D5FED008200F1 /* DarklyTests */,
				23AA1AB51B721E3E00FE6A00 /* QuickTest */,
				23AA1AD01B721E3F00FE6A00 /* QuickTestTests */,
				9D4CD76A1BB9236B00CBD687 /* DarklyLibraryModels */,
			);
		};
/* End PBXProject section */

/* Begin PBXResourcesBuildPhase section */
		23AA1AB41B721E3E00FE6A00 /* Resources */ = {
			isa = PBXResourcesBuildPhase;
			buildActionMask = 2147483647;
			files = (
				9D4CD7731BB925DB00CBD687 /* DarklyLibraryModels.bundle in Resources */,
			);
			runOnlyForDeploymentPostprocessing = 0;
		};
		23AA1ACF1B721E3F00FE6A00 /* Resources */ = {
			isa = PBXResourcesBuildPhase;
			buildActionMask = 2147483647;
			files = (
			);
			runOnlyForDeploymentPostprocessing = 0;
		};
		9D4CD7691BB9236B00CBD687 /* Resources */ = {
			isa = PBXResourcesBuildPhase;
			buildActionMask = 2147483647;
			files = (
			);
			runOnlyForDeploymentPostprocessing = 0;
		};
		CC36AA9D1B6D5FED008200F1 /* Resources */ = {
			isa = PBXResourcesBuildPhase;
			buildActionMask = 2147483647;
			files = (
				CCDDE1741B7408F200DFC04B /* feature_flags.json in Resources */,
			);
			runOnlyForDeploymentPostprocessing = 0;
		};
/* End PBXResourcesBuildPhase section */

/* Begin PBXShellScriptBuildPhase section */
		658A25874DD4EDD0E2CD2435 /* 📦 Copy Pods Resources */ = {
			isa = PBXShellScriptBuildPhase;
			buildActionMask = 2147483647;
			files = (
			);
			inputPaths = (
			);
			name = "📦 Copy Pods Resources";
			outputPaths = (
			);
			runOnlyForDeploymentPostprocessing = 0;
			shellPath = /bin/sh;
			shellScript = "\"${SRCROOT}/Pods/Target Support Files/Pods-Darkly/Pods-Darkly-resources.sh\"\n";
			showEnvVarsInLog = 0;
		};
		8D2649BFFDE572AD586F995D /* 📦 Check Pods Manifest.lock */ = {
			isa = PBXShellScriptBuildPhase;
			buildActionMask = 2147483647;
			files = (
			);
			inputPaths = (
			);
			name = "📦 Check Pods Manifest.lock";
			outputPaths = (
			);
			runOnlyForDeploymentPostprocessing = 0;
			shellPath = /bin/sh;
			shellScript = "diff \"${PODS_ROOT}/../Podfile.lock\" \"${PODS_ROOT}/Manifest.lock\" > /dev/null\nif [[ $? != 0 ]] ; then\n    cat << EOM\nerror: The sandbox is not in sync with the Podfile.lock. Run 'pod install' or update your CocoaPods installation.\nEOM\n    exit 1\nfi\n";
			showEnvVarsInLog = 0;
		};
		96134FFE78BA32B3575F8C95 /* 📦 Check Pods Manifest.lock */ = {
			isa = PBXShellScriptBuildPhase;
			buildActionMask = 2147483647;
			files = (
			);
			inputPaths = (
			);
			name = "📦 Check Pods Manifest.lock";
			outputPaths = (
			);
			runOnlyForDeploymentPostprocessing = 0;
			shellPath = /bin/sh;
			shellScript = "diff \"${PODS_ROOT}/../Podfile.lock\" \"${PODS_ROOT}/Manifest.lock\" > /dev/null\nif [[ $? != 0 ]] ; then\n    cat << EOM\nerror: The sandbox is not in sync with the Podfile.lock. Run 'pod install' or update your CocoaPods installation.\nEOM\n    exit 1\nfi\n";
			showEnvVarsInLog = 0;
		};
		B8B72A4900817914ECB02D1C /* 📦 Copy Pods Resources */ = {
			isa = PBXShellScriptBuildPhase;
			buildActionMask = 2147483647;
			files = (
			);
			inputPaths = (
			);
			name = "📦 Copy Pods Resources";
			outputPaths = (
			);
			runOnlyForDeploymentPostprocessing = 0;
			shellPath = /bin/sh;
			shellScript = "\"${SRCROOT}/Pods/Target Support Files/Pods-DarklyTests/Pods-DarklyTests-resources.sh\"\n";
			showEnvVarsInLog = 0;
		};
		C6C10E9CE14FDDCAE6813483 /* 📦 Embed Pods Frameworks */ = {
			isa = PBXShellScriptBuildPhase;
			buildActionMask = 2147483647;
			files = (
			);
			inputPaths = (
			);
			name = "📦 Embed Pods Frameworks";
			outputPaths = (
			);
			runOnlyForDeploymentPostprocessing = 0;
			shellPath = /bin/sh;
			shellScript = "\"${SRCROOT}/Pods/Target Support Files/Pods-DarklyTests/Pods-DarklyTests-frameworks.sh\"\n";
			showEnvVarsInLog = 0;
		};
/* End PBXShellScriptBuildPhase section */

/* Begin PBXSourcesBuildPhase section */
		23AA1AB21B721E3E00FE6A00 /* Sources */ = {
			isa = PBXSourcesBuildPhase;
			buildActionMask = 2147483647;
			files = (
			);
			runOnlyForDeploymentPostprocessing = 0;
		};
		23AA1ACD1B721E3F00FE6A00 /* Sources */ = {
			isa = PBXSourcesBuildPhase;
			buildActionMask = 2147483647;
			files = (
			);
			runOnlyForDeploymentPostprocessing = 0;
		};
		9D4CD7671BB9236B00CBD687 /* Sources */ = {
			isa = PBXSourcesBuildPhase;
			buildActionMask = 2147483647;
			files = (
			);
			runOnlyForDeploymentPostprocessing = 0;
		};
		CC36AA901B6D5FED008200F1 /* Sources */ = {
			isa = PBXSourcesBuildPhase;
			buildActionMask = 2147483647;
			files = (
				3A0C4DEF1C4D9D660059886B /* LDEventModel.m in Sources */,
				3AD8ACB61B86B5E800922AA6 /* LDClientManager.m in Sources */,
				3A70A7971B705F2C00984E23 /* DarklyConstants.m in Sources */,
				3A70A78D1B7008B700984E23 /* LDConfig.m in Sources */,
				3A70A7881B6FCFAC00984E23 /* LDClient.m in Sources */,
				ADE5294F1B8418B200761F3D /* LDUserBuilder.m in Sources */,
				3AC5D0DE1B8AA44A00417CBB /* NSDictionary+JSON.m in Sources */,
				3A0C4DF21C4DA0330059886B /* LDUserModel.m in Sources */,
				3A9F23D11B82D19900D0EF2F /* LDRequestManager.m in Sources */,
				3A5F93C01B6F10DB0093E419 /* LDUtil.m in Sources */,
				CC467AB71B78323F0035C07E /* LDDataManager.m in Sources */,
				23DCFA9E1B95105A00F15531 /* LDPollingManager.m in Sources */,
				3A0C4DE91C4D93B70059886B /* LDFlagConfigModel.m in Sources */,
			);
			runOnlyForDeploymentPostprocessing = 0;
		};
		CC36AA9B1B6D5FED008200F1 /* Sources */ = {
			isa = PBXSourcesBuildPhase;
			buildActionMask = 2147483647;
			files = (
				3AB1B71A1B89036A0006E970 /* LDRequestManagerTest.m in Sources */,
				CC4E8F431B8ABB3500F2A19D /* LDEventModelTest.m in Sources */,
				CC01CCE31BB07703006B4A36 /* NSArray+UnitTests.m in Sources */,
				ADE529511B84196000761F3D /* LDUserBuilderTest.m in Sources */,
				3A0F25051B71651400DAB39F /* LDConfigTest.m in Sources */,
				23E819541B8AA4A700010DD3 /* LDPollingManagerTest.m in Sources */,
				AD10D39D1B7B5F6700DB30E7 /* LDDataManagerTest.m in Sources */,
				CC4E8F461B8B3A7B00F2A19D /* LDUserModelTest.m in Sources */,
				3A0F25041B71650C00DAB39F /* LDClientTest.m in Sources */,
				CCDDE16D1B74058200DFC04B /* LDFlagConfigModelTest.m in Sources */,
				CCEF66011BAF41FB00103FD5 /* DarklyXCTestCase.m in Sources */,
				3A5F93C31B6F146F0093E419 /* LDUtilTest.m in Sources */,
				3AAF19A31B97DF9800FACF58 /* LDClientManagerTest.m in Sources */,
			);
			runOnlyForDeploymentPostprocessing = 0;
		};
/* End PBXSourcesBuildPhase section */

/* Begin PBXTargetDependency section */
		23AA1AD31B721E3F00FE6A00 /* PBXTargetDependency */ = {
			isa = PBXTargetDependency;
			target = 23AA1AB51B721E3E00FE6A00 /* QuickTest */;
			targetProxy = 23AA1AD21B721E3F00FE6A00 /* PBXContainerItemProxy */;
		};
		CC36AAA21B6D5FED008200F1 /* PBXTargetDependency */ = {
			isa = PBXTargetDependency;
			target = CC36AA931B6D5FED008200F1 /* Darkly */;
			targetProxy = CC36AAA11B6D5FED008200F1 /* PBXContainerItemProxy */;
		};
/* End PBXTargetDependency section */

/* Begin XCBuildConfiguration section */
		23AA1AD91B721E3F00FE6A00 /* Debug */ = {
			isa = XCBuildConfiguration;
			buildSettings = {
				ASSETCATALOG_COMPILER_APPICON_NAME = AppIcon;
				"CODE_SIGN_IDENTITY[sdk=iphoneos*]" = "iPhone Developer";
				GCC_PREPROCESSOR_DEFINITIONS = (
					"DEBUG=1",
					"$(inherited)",
				);
				HEADER_SEARCH_PATHS = (
					"\"${PODS_ROOT}/Headers\"",
					"$(inherited)",
				);
				INFOPLIST_FILE = QuickTest/Info.plist;
				LD_RUNPATH_SEARCH_PATHS = "$(inherited) @executable_path/Frameworks";
				LIBRARY_SEARCH_PATHS = "";
				OTHER_CFLAGS = "-DFLR_CONFIG_URL_STRING=__STRING(\"$(FLR_CONFIG_URL)\")";
				OTHER_LDFLAGS = (
					"-ObjC",
					"$(inherited)",
				);
				OTHER_LIBTOOLFLAGS = "$(OTHER_LDFLAGS)";
				PRODUCT_NAME = "$(TARGET_NAME)";
			};
			name = Debug;
		};
		23AA1ADA1B721E3F00FE6A00 /* Release */ = {
			isa = XCBuildConfiguration;
			buildSettings = {
				ASSETCATALOG_COMPILER_APPICON_NAME = AppIcon;
				"CODE_SIGN_IDENTITY[sdk=iphoneos*]" = "iPhone Developer";
				HEADER_SEARCH_PATHS = (
					"\"${PODS_ROOT}/Headers\"",
					"$(inherited)",
				);
				INFOPLIST_FILE = QuickTest/Info.plist;
				LD_RUNPATH_SEARCH_PATHS = "$(inherited) @executable_path/Frameworks";
				LIBRARY_SEARCH_PATHS = "";
				OTHER_CFLAGS = "-DFLR_CONFIG_URL_STRING=__STRING(\"$(FLR_CONFIG_URL)\")";
				OTHER_LDFLAGS = (
					"-ObjC",
					"$(inherited)",
				);
				OTHER_LIBTOOLFLAGS = "$(OTHER_LDFLAGS)";
				PRODUCT_NAME = "$(TARGET_NAME)";
			};
			name = Release;
		};
		23AA1ADB1B721E3F00FE6A00 /* Debug */ = {
			isa = XCBuildConfiguration;
			buildSettings = {
				BUNDLE_LOADER = "$(TEST_HOST)";
				FRAMEWORK_SEARCH_PATHS = (
					"$(SDKROOT)/Developer/Library/Frameworks",
					"$(inherited)",
				);
				GCC_PREPROCESSOR_DEFINITIONS = (
					"DEBUG=1",
					"$(inherited)",
				);
				INFOPLIST_FILE = QuickTestTests/Info.plist;
				LD_RUNPATH_SEARCH_PATHS = "$(inherited) @executable_path/Frameworks @loader_path/Frameworks";
				PRODUCT_NAME = "$(TARGET_NAME)";
				TEST_HOST = "$(BUILT_PRODUCTS_DIR)/QuickTest.app/QuickTest";
			};
			name = Debug;
		};
		23AA1ADC1B721E3F00FE6A00 /* Release */ = {
			isa = XCBuildConfiguration;
			buildSettings = {
				BUNDLE_LOADER = "$(TEST_HOST)";
				FRAMEWORK_SEARCH_PATHS = (
					"$(SDKROOT)/Developer/Library/Frameworks",
					"$(inherited)",
				);
				INFOPLIST_FILE = QuickTestTests/Info.plist;
				LD_RUNPATH_SEARCH_PATHS = "$(inherited) @executable_path/Frameworks @loader_path/Frameworks";
				PRODUCT_NAME = "$(TARGET_NAME)";
				TEST_HOST = "$(BUILT_PRODUCTS_DIR)/QuickTest.app/QuickTest";
			};
			name = Release;
		};
		9D4CD76E1BB9236C00CBD687 /* Debug */ = {
			isa = XCBuildConfiguration;
			buildSettings = {
				COMBINE_HIDPI_IMAGES = YES;
				DEBUG_INFORMATION_FORMAT = dwarf;
				ENABLE_TESTABILITY = YES;
				INFOPLIST_FILE = DarklyLibraryModels/Info.plist;
				INSTALL_PATH = "$(LOCAL_LIBRARY_DIR)/Bundles";
				MACOSX_DEPLOYMENT_TARGET = 10.10;
				PRODUCT_BUNDLE_IDENTIFIER = com.launchdarkly.DarklyLibraryModels;
				PRODUCT_NAME = "$(TARGET_NAME)";
				SDKROOT = iphoneos;
				SKIP_INSTALL = YES;
				WRAPPER_EXTENSION = bundle;
			};
			name = Debug;
		};
		9D4CD76F1BB9236C00CBD687 /* Release */ = {
			isa = XCBuildConfiguration;
			buildSettings = {
				COMBINE_HIDPI_IMAGES = YES;
				INFOPLIST_FILE = DarklyLibraryModels/Info.plist;
				INSTALL_PATH = "$(LOCAL_LIBRARY_DIR)/Bundles";
				MACOSX_DEPLOYMENT_TARGET = 10.10;
				PRODUCT_BUNDLE_IDENTIFIER = com.launchdarkly.DarklyLibraryModels;
				PRODUCT_NAME = "$(TARGET_NAME)";
				SDKROOT = iphoneos;
				SKIP_INSTALL = YES;
				WRAPPER_EXTENSION = bundle;
			};
			name = Release;
		};
		CC36AAA61B6D5FED008200F1 /* Debug */ = {
			isa = XCBuildConfiguration;
			buildSettings = {
				ALWAYS_SEARCH_USER_PATHS = NO;
				CLANG_CXX_LANGUAGE_STANDARD = "gnu++0x";
				CLANG_CXX_LIBRARY = "libc++";
				CLANG_ENABLE_MODULES = YES;
				CLANG_ENABLE_OBJC_ARC = YES;
				CLANG_WARN_BOOL_CONVERSION = YES;
				CLANG_WARN_CONSTANT_CONVERSION = YES;
				CLANG_WARN_DIRECT_OBJC_ISA_USAGE = YES_ERROR;
				CLANG_WARN_EMPTY_BODY = YES;
				CLANG_WARN_ENUM_CONVERSION = YES;
				CLANG_WARN_INT_CONVERSION = YES;
				CLANG_WARN_OBJC_ROOT_CLASS = YES_ERROR;
				CLANG_WARN_UNREACHABLE_CODE = YES;
				CLANG_WARN__DUPLICATE_METHOD_MATCH = YES;
				COPY_PHASE_STRIP = NO;
				DEBUG_INFORMATION_FORMAT = "dwarf-with-dsym";
				ENABLE_STRICT_OBJC_MSGSEND = YES;
				GCC_C_LANGUAGE_STANDARD = gnu99;
				GCC_DYNAMIC_NO_PIC = NO;
				GCC_NO_COMMON_BLOCKS = YES;
				GCC_OPTIMIZATION_LEVEL = 0;
				GCC_PREPROCESSOR_DEFINITIONS = (
					"DEBUG=1",
					"$(inherited)",
				);
				GCC_SYMBOLS_PRIVATE_EXTERN = NO;
				GCC_WARN_64_TO_32_BIT_CONVERSION = YES;
				GCC_WARN_ABOUT_RETURN_TYPE = YES_ERROR;
				GCC_WARN_UNDECLARED_SELECTOR = YES;
				GCC_WARN_UNINITIALIZED_AUTOS = YES_AGGRESSIVE;
				GCC_WARN_UNUSED_FUNCTION = YES;
				GCC_WARN_UNUSED_VARIABLE = YES;
				HEADER_SEARCH_PATHS = (
					"\"${PODS_ROOT}/Headers\"",
					"$(inherited)",
				);
				IPHONEOS_DEPLOYMENT_TARGET = 8.4;
				MTL_ENABLE_DEBUG_INFO = YES;
				ONLY_ACTIVE_ARCH = YES;
				OTHER_LDFLAGS = "-ObjC";
				SDKROOT = iphoneos;
			};
			name = Debug;
		};
		CC36AAA71B6D5FED008200F1 /* Release */ = {
			isa = XCBuildConfiguration;
			buildSettings = {
				ALWAYS_SEARCH_USER_PATHS = NO;
				CLANG_CXX_LANGUAGE_STANDARD = "gnu++0x";
				CLANG_CXX_LIBRARY = "libc++";
				CLANG_ENABLE_MODULES = YES;
				CLANG_ENABLE_OBJC_ARC = YES;
				CLANG_WARN_BOOL_CONVERSION = YES;
				CLANG_WARN_CONSTANT_CONVERSION = YES;
				CLANG_WARN_DIRECT_OBJC_ISA_USAGE = YES_ERROR;
				CLANG_WARN_EMPTY_BODY = YES;
				CLANG_WARN_ENUM_CONVERSION = YES;
				CLANG_WARN_INT_CONVERSION = YES;
				CLANG_WARN_OBJC_ROOT_CLASS = YES_ERROR;
				CLANG_WARN_UNREACHABLE_CODE = YES;
				CLANG_WARN__DUPLICATE_METHOD_MATCH = YES;
				COPY_PHASE_STRIP = NO;
				DEBUG_INFORMATION_FORMAT = "dwarf-with-dsym";
				ENABLE_NS_ASSERTIONS = NO;
				ENABLE_STRICT_OBJC_MSGSEND = YES;
				GCC_C_LANGUAGE_STANDARD = gnu99;
				GCC_NO_COMMON_BLOCKS = YES;
				GCC_WARN_64_TO_32_BIT_CONVERSION = YES;
				GCC_WARN_ABOUT_RETURN_TYPE = YES_ERROR;
				GCC_WARN_UNDECLARED_SELECTOR = YES;
				GCC_WARN_UNINITIALIZED_AUTOS = YES_AGGRESSIVE;
				GCC_WARN_UNUSED_FUNCTION = YES;
				GCC_WARN_UNUSED_VARIABLE = YES;
				HEADER_SEARCH_PATHS = (
					"\"${PODS_ROOT}/Headers\"",
					"$(inherited)",
				);
				IPHONEOS_DEPLOYMENT_TARGET = 8.4;
				MTL_ENABLE_DEBUG_INFO = NO;
				OTHER_LDFLAGS = "-ObjC";
				SDKROOT = iphoneos;
				VALIDATE_PRODUCT = YES;
			};
			name = Release;
		};
		CC36AAA91B6D5FED008200F1 /* Debug */ = {
			isa = XCBuildConfiguration;
			baseConfigurationReference = 0CF3D8B3D5EBA564267F784E /* Pods-Darkly.debug.xcconfig */;
			buildSettings = {
				GCC_PRECOMPILE_PREFIX_HEADER = YES;
				GCC_PREFIX_HEADER = "Darkly/Darkly-Prefix.pch";
				LIBRARY_SEARCH_PATHS = (
					"$(inherited)",
					"$(PROJECT_DIR)/build/Debug-iphoneos",
				);
				OTHER_LDFLAGS = (
					"-ObjC",
					"$(inherited)",
				);
				PRODUCT_NAME = "$(TARGET_NAME)";
				SKIP_INSTALL = YES;
			};
			name = Debug;
		};
		CC36AAAA1B6D5FED008200F1 /* Release */ = {
			isa = XCBuildConfiguration;
			baseConfigurationReference = F19BA3C600D75D385DA50A51 /* Pods-Darkly.release.xcconfig */;
			buildSettings = {
				GCC_PRECOMPILE_PREFIX_HEADER = YES;
				GCC_PREFIX_HEADER = "Darkly/Darkly-Prefix.pch";
				LIBRARY_SEARCH_PATHS = (
					"$(inherited)",
					"$(PROJECT_DIR)/build/Debug-iphoneos",
				);
				OTHER_LDFLAGS = (
					"-ObjC",
					"$(inherited)",
				);
				PRODUCT_NAME = "$(TARGET_NAME)";
				SKIP_INSTALL = YES;
			};
			name = Release;
		};
		CC36AAAC1B6D5FED008200F1 /* Debug */ = {
			isa = XCBuildConfiguration;
			baseConfigurationReference = 2308CD42DB2A44820607CA7B /* Pods-DarklyTests.debug.xcconfig */;
			buildSettings = {
				"CODE_SIGN_IDENTITY[sdk=iphoneos*]" = "iPhone Developer";
				FRAMEWORK_SEARCH_PATHS = (
					"$(SDKROOT)/Developer/Library/Frameworks",
					"$(inherited)",
				);
				GCC_PRECOMPILE_PREFIX_HEADER = YES;
				GCC_PREFIX_HEADER = "Darkly/Darkly-Prefix.pch";
				GCC_PREPROCESSOR_DEFINITIONS = (
					"DEBUG=1",
					"$(inherited)",
				);
				INFOPLIST_FILE = DarklyTests/Info.plist;
				LD_RUNPATH_SEARCH_PATHS = "$(inherited) @executable_path/Frameworks @loader_path/Frameworks";
				PRODUCT_NAME = "$(TARGET_NAME)";
			};
			name = Debug;
		};
		CC36AAAD1B6D5FED008200F1 /* Release */ = {
			isa = XCBuildConfiguration;
			baseConfigurationReference = A17292C79DBE095E39CEB125 /* Pods-DarklyTests.release.xcconfig */;
			buildSettings = {
				"CODE_SIGN_IDENTITY[sdk=iphoneos*]" = "iPhone Developer";
				FRAMEWORK_SEARCH_PATHS = (
					"$(SDKROOT)/Developer/Library/Frameworks",
					"$(inherited)",
				);
				GCC_PRECOMPILE_PREFIX_HEADER = YES;
				GCC_PREFIX_HEADER = "Darkly/Darkly-Prefix.pch";
				INFOPLIST_FILE = DarklyTests/Info.plist;
				LD_RUNPATH_SEARCH_PATHS = "$(inherited) @executable_path/Frameworks @loader_path/Frameworks";
				PRODUCT_NAME = "$(TARGET_NAME)";
			};
			name = Release;
		};
/* End XCBuildConfiguration section */

/* Begin XCConfigurationList section */
		23AA1ADD1B721E3F00FE6A00 /* Build configuration list for PBXNativeTarget "QuickTest" */ = {
			isa = XCConfigurationList;
			buildConfigurations = (
				23AA1AD91B721E3F00FE6A00 /* Debug */,
				23AA1ADA1B721E3F00FE6A00 /* Release */,
			);
			defaultConfigurationIsVisible = 0;
			defaultConfigurationName = Release;
		};
		23AA1ADE1B721E3F00FE6A00 /* Build configuration list for PBXNativeTarget "QuickTestTests" */ = {
			isa = XCConfigurationList;
			buildConfigurations = (
				23AA1ADB1B721E3F00FE6A00 /* Debug */,
				23AA1ADC1B721E3F00FE6A00 /* Release */,
			);
			defaultConfigurationIsVisible = 0;
			defaultConfigurationName = Release;
		};
		9D4CD7701BB9236C00CBD687 /* Build configuration list for PBXNativeTarget "DarklyLibraryModels" */ = {
			isa = XCConfigurationList;
			buildConfigurations = (
				9D4CD76E1BB9236C00CBD687 /* Debug */,
				9D4CD76F1BB9236C00CBD687 /* Release */,
			);
			defaultConfigurationIsVisible = 0;
			defaultConfigurationName = Release;
		};
		CC36AA8F1B6D5FED008200F1 /* Build configuration list for PBXProject "Darkly" */ = {
			isa = XCConfigurationList;
			buildConfigurations = (
				CC36AAA61B6D5FED008200F1 /* Debug */,
				CC36AAA71B6D5FED008200F1 /* Release */,
			);
			defaultConfigurationIsVisible = 0;
			defaultConfigurationName = Release;
		};
		CC36AAA81B6D5FED008200F1 /* Build configuration list for PBXNativeTarget "Darkly" */ = {
			isa = XCConfigurationList;
			buildConfigurations = (
				CC36AAA91B6D5FED008200F1 /* Debug */,
				CC36AAAA1B6D5FED008200F1 /* Release */,
			);
			defaultConfigurationIsVisible = 0;
			defaultConfigurationName = Release;
		};
		CC36AAAB1B6D5FED008200F1 /* Build configuration list for PBXNativeTarget "DarklyTests" */ = {
			isa = XCConfigurationList;
			buildConfigurations = (
				CC36AAAC1B6D5FED008200F1 /* Debug */,
				CC36AAAD1B6D5FED008200F1 /* Release */,
			);
			defaultConfigurationIsVisible = 0;
			defaultConfigurationName = Release;
		};
/* End XCConfigurationList section */
	};
	rootObject = CC36AA8C1B6D5FED008200F1 /* Project object */;
}
