{
  "object": {
    "pins": [
      {
        "package": "Nimble",
        "repositoryURL": "git@github.com:Quick/Nimble.git",
        "state": {
          "branch": null,
          "revision": "2b1809051b4a65c1d7f5233331daa24572cd7fca",
          "version": "8.1.1"
        }
      },
      {
        "package": "OHHTTPStubs",
        "repositoryURL": "git@github.com:AliSoftware/OHHTTPStubs.git",
        "state": {
          "branch": null,
          "revision": "e92b5a5746ef16add2a1424f1fc19529d9a75cde",
          "version": "9.0.0"
        }
      },
      {
        "package": "Quick",
        "repositoryURL": "git@github.com:Quick/Quick.git",
        "state": {
          "branch": null,
          "revision": "09b3becb37cb2163919a3842a4c5fa6ec7130792",
          "version": "2.2.1"
        }
      },
      {
        "package": "LDSwiftEventSource",
        "repositoryURL": "git@github.com:LaunchDarkly/swift-eventsource.git",
        "state": {
          "branch": null,
          "revision": "9335390060a7bac038b92f6d3f0407190f5470f2",
          "version": "0.3.0"
        }
      }
    ]
  },
  "version": 1
}
