PODS:
  - LDSwiftEventSource (0.3.0)
  - Nimble (8.0.2)
  - OHHTTPStubs/Core (9.0.0)
  - OHHTTPStubs/Default (9.0.0):
    - OHHTTPStubs/Core
    - OHHTTPStubs/JSON
    - OHHTTPStubs/NSURLSession
    - OHHTTPStubs/OHPathHelpers
  - OHHTTPStubs/JSON (9.0.0):
    - OHHTTPStubs/Core
  - OHHTTPStubs/NSURLSession (9.0.0):
    - OHHTTPStubs/Core
  - OHHTTPStubs/OHPathHelpers (9.0.0)
  - OHHTTPStubs/Swift (9.0.0):
    - OHHTTPStubs/Default
  - Quick (2.1.0)

DEPENDENCIES:
  - LDSwiftEventSource (= 0.3.0)
  - Nimble (= 8.0.2)
  - OHHTTPStubs/Swift (= 9.0.0)
  - Quick (= 2.1.0)

SPEC REPOS:
  https://github.com/CocoaPods/Specs.git:
    - Nimble
    - OHHTTPStubs
    - Quick
  https://github.com/launchdarkly/pod-specs-private.git:
    - LDSwiftEventSource

SPEC CHECKSUMS:
  LDSwiftEventSource: b7f4a2c725dc7d5b4b1c69984357f2e420ebc7e1
  Nimble: 622629381bda1dd5678162f21f1368cec7cbba60
  OHHTTPStubs: cb29d2a9d09a828ecb93349a2b0c64f99e0db89f
  Quick: 4be43f6634acfa727dd106bdf3929ce125ffa79d

PODFILE CHECKSUM: 5f544bc605b2787657e65367ebbd79bcae05ef33

COCOAPODS: 1.9.1
