PODS:
  - DarklyEventSource (1.1.0)
  - OCMock (3.3.1)
  - OHHTTPStubs (4.8.0):
    - OHHTTPStubs/Default (= 4.8.0)
  - OHHTTPStubs/Core (4.8.0)
  - OHHTTPStubs/Default (4.8.0):
    - OHHTTPStubs/Core
    - OHHTTPStubs/JSON
    - OHHTTPStubs/NSURLSession
    - OHHTTPStubs/OHPathHelpers
  - OHHTTPStubs/JSON (4.8.0):
    - OHHTTPStubs/Core
  - OHHTTPStubs/NSURLSession (4.8.0):
    - OHHTTPStubs/Core
  - OHHTTPStubs/OHPathHelpers (4.8.0)

DEPENDENCIES:
  - DarklyEventSource (from `https://github.com/launchdarkly/ios-eventsource.git`)
  - OCMock (~> 3.1)
  - OHHTTPStubs (~> 4.2)

EXTERNAL SOURCES:
  DarklyEventSource:
    :git: https://github.com/launchdarkly/ios-eventsource.git

CHECKOUT OPTIONS:
  DarklyEventSource:
    :commit: 2a16bf0ad5544acc6c8ccb62aa72119681260f46
    :git: https://github.com/launchdarkly/ios-eventsource.git

SPEC CHECKSUMS:
  DarklyEventSource: 0e55ed5a5bfed78b24a75a296c4a7fb048c96f6a
  OCMock: f3f61e6eaa16038c30caa5798c5e49d3307b6f22
  OHHTTPStubs: b393565822317305b87a1440d4c7aff131679f66

PODFILE CHECKSUM: 0a5bdfb12ce813bf11701f52e1fed86965c0702c

COCOAPODS: 1.1.1
